
Microsoft Visual Studio Solution File, Format Version 12.00
# Visual Studio Version 16
VisualStudioVersion = 16.0.29709.97
MinimumVisualStudioVersion = 10.0.40219.1
Project("{888888A0-9F3D-457C-B088-3A5042F75D52}") = "Labb 3", "Labb 3.pyproj", "{C96295C4-4F75-463A-B0F4-49129FDA4ECD}"
EndProject
Global
	GlobalSection(SolutionConfigurationPlatforms) = preSolution
		Debug|Any CPU = Debug|Any CPU
		Release|Any CPU = Release|Any CPU
	EndGlobalSection
	GlobalSection(ProjectConfigurationPlatforms) = postSolution
		{C96295C4-4F75-463A-B0F4-49129FDA4ECD}.Debug|Any CPU.ActiveCfg = Debug|Any CPU
		{C96295C4-4F75-463A-B0F4-49129FDA4ECD}.Release|Any CPU.ActiveCfg = Release|Any CPU
	EndGlobalSection
	GlobalSection(SolutionProperties) = preSolution
		HideSolutionNode = FALSE
	EndGlobalSection
	GlobalSection(ExtensibilityGlobals) = postSolution
		SolutionGuid = {7BBBC6AE-2656-462F-9850-9DC9E16DC70B}
	EndGlobalSection
EndGlobal
